// !$*UTF8*$!
{
	archiveVersion = 1;
	classes = {
	};
	objectVersion = 46;
	objects = {

/* Begin PBXBuildFile section */
		F4DA07411DB0FB3800401883 /* main.m in Sources */ = {isa = PBXBuildFile; fileRef = F4DA07401DB0FB3800401883 /* main.m */; };
		F4DA07491DB0FC2B00401883 /* Cattle.m in Sources */ = {isa = PBXBuildFile; fileRef = F4DA07481DB0FC2B00401883 /* Cattle.m */; };
		F4DA074C1DB2037400401883 /* Rectangle.m in Sources */ = {isa = PBXBuildFile; fileRef = F4DA074B1DB2037400401883 /* Rectangle.m */; };
		F4DA074F1DB22D1D00401883 /* Complex.m in Sources */ = {isa = PBXBuildFile; fileRef = F4DA074E1DB22D1D00401883 /* Complex.m */; };
/* End PBXBuildFile section */

/* Begin PBXCopyFilesBuildPhase section */
		F4DA073B1DB0FB3800401883 /* CopyFiles */ = {
			isa = PBXCopyFilesBuildPhase;
			buildActionMask = 2147483647;
			dstPath = /usr/share/man/man1/;
			dstSubfolderSpec = 0;
			files = (
			);
			runOnlyForDeploymentPostprocessing = 1;
		};
/* End PBXCopyFilesBuildPhase section */

/* Begin PBXFileReference section */
		F4DA073D1DB0FB3800401883 /* DemoOC */ = {isa = PBXFileReference; explicitFileType = "compiled.mach-o.executable"; includeInIndex = 0; path = DemoOC; sourceTree = BUILT_PRODUCTS_DIR; };
		F4DA07401DB0FB3800401883 /* main.m */ = {isa = PBXFileReference; lastKnownFileType = sourcecode.c.objc; path = main.m; sourceTree = "<group>"; };
		F4DA07471DB0FC2B00401883 /* Cattle.h */ = {isa = PBXFileReference; fileEncoding = 4; lastKnownFileType = sourcecode.c.h; path = Cattle.h; sourceTree = "<group>"; };
		F4DA07481DB0FC2B00401883 /* Cattle.m */ = {isa = PBXFileReference; fileEncoding = 4; lastKnownFileType = sourcecode.c.objc; path = Cattle.m; sourceTree = "<group>"; };
		F4DA074A1DB2037400401883 /* Rectangle.h */ = {isa = PBXFileReference; fileEncoding = 4; lastKnownFileType = sourcecode.c.h; path = Rectangle.h; sourceTree = "<group>"; };
		F4DA074B1DB2037400401883 /* Rectangle.m */ = {isa = PBXFileReference; fileEncoding = 4; lastKnownFileType = sourcecode.c.objc; path = Rectangle.m; sourceTree = "<group>"; };
		F4DA074D1DB22D1D00401883 /* Complex.h */ = {isa = PBXFileReference; fileEncoding = 4; lastKnownFileType = sourcecode.c.h; path = Complex.h; sourceTree = "<group>"; };
		F4DA074E1DB22D1D00401883 /* Complex.m */ = {isa = PBXFileReference; fileEncoding = 4; lastKnownFileType = sourcecode.c.objc; path = Complex.m; sourceTree = "<group>"; };
/* End PBXFileReference section */

/* Begin PBXFrameworksBuildPhase section */
		F4DA073A1DB0FB3800401883 /* Frameworks */ = {
			isa = PBXFrameworksBuildPhase;
			buildActionMask = 2147483647;
			files = (
			);
			runOnlyForDeploymentPostprocessing = 0;
		};
/* End PBXFrameworksBuildPhase section */

/* Begin PBXGroup section */
		F4DA07341DB0FB3800401883 = {
			isa = PBXGroup;
			children = (
				F4DA073F1DB0FB3800401883 /* DemoOC */,
				F4DA073E1DB0FB3800401883 /* Products */,
			);
			sourceTree = "<group>";
		};
		F4DA073E1DB0FB3800401883 /* Products */ = {
			isa = PBXGroup;
			children = (
				F4DA073D1DB0FB3800401883 /* DemoOC */,
			);
			name = Products;
			sourceTree = "<group>";
		};
		F4DA073F1DB0FB3800401883 /* DemoOC */ = {
			isa = PBXGroup;
			children = (
				F4DA07401DB0FB3800401883 /* main.m */,
				F4DA074A1DB2037400401883 /* Rectangle.h */,
				F4DA074B1DB2037400401883 /* Rectangle.m */,
				F4DA074D1DB22D1D00401883 /* Complex.h */,
				F4DA074E1DB22D1D00401883 /* Complex.m */,
				F4DA07471DB0FC2B00401883 /* Cattle.h */,
				F4DA07481DB0FC2B00401883 /* Cattle.m */,
			);
			path = DemoOC;
			sourceTree = "<group>";
		};
/* End PBXGroup section */

/* Begin PBXNativeTarget section */
		F4DA073C1DB0FB3800401883 /* DemoOC */ = {
			isa = PBXNativeTarget;
			buildConfigurationList = F4DA07441DB0FB3800401883 /* Build configuration list for PBXNativeTarget "DemoOC" */;
			buildPhases = (
				F4DA07391DB0FB3800401883 /* Sources */,
				F4DA073A1DB0FB3800401883 /* Frameworks */,
				F4DA073B1DB0FB3800401883 /* CopyFiles */,
			);
			buildRules = (
			);
			dependencies = (
			);
			name = DemoOC;
			productName = DemoOC;
			productReference = F4DA073D1DB0FB3800401883 /* DemoOC */;
			productType = "com.apple.product-type.tool";
		};
/* End PBXNativeTarget section */

/* Begin PBXProject section */
		F4DA07351DB0FB3800401883 /* Project object */ = {
			isa = PBXProject;
			attributes = {
				LastUpgradeCheck = 0800;
				ORGANIZATIONNAME = "zhang dong";
				TargetAttributes = {
					F4DA073C1DB0FB3800401883 = {
						CreatedOnToolsVersion = 8.0;
						DevelopmentTeam = 49JPNGN3JS;
						ProvisioningStyle = Automatic;
					};
				};
			};
			buildConfigurationList = F4DA07381DB0FB3800401883 /* Build configuration list for PBXProject "DemoOC" */;
			compatibilityVersion = "Xcode 3.2";
			developmentRegion = English;
			hasScannedForEncodings = 0;
			knownRegions = (
				en,
			);
			mainGroup = F4DA07341DB0FB3800401883;
			productRefGroup = F4DA073E1DB0FB3800401883 /* Products */;
			projectDirPath = "";
			projectRoot = "";
			targets = (
				F4DA073C1DB0FB3800401883 /* DemoOC */,
			);
		};
/* End PBXProject section */

/* Begin PBXSourcesBuildPhase section */
		F4DA07391DB0FB3800401883 /* Sources */ = {
			isa = PBXSourcesBuildPhase;
			buildActionMask = 2147483647;
			files = (
				F4DA074F1DB22D1D00401883 /* Complex.m in Sources */,
				F4DA07491DB0FC2B00401883 /* Cattle.m in Sources */,
				F4DA07411DB0FB3800401883 /* main.m in Sources */,
				F4DA074C1DB2037400401883 /* Rectangle.m in Sources */,
			);
			runOnlyForDeploymentPostprocessing = 0;
		};
/* End PBXSourcesBuildPhase section */

/* Begin XCBuildConfiguration section */
		F4DA07421DB0FB3800401883 /* Debug */ = {
			isa = XCBuildConfiguration;
			buildSettings = {
				ALWAYS_SEARCH_USER_PATHS = NO;
				CLANG_ANALYZER_NONNULL = YES;
				CLANG_CXX_LANGUAGE_STANDARD = "gnu++0x";
				CLANG_CXX_LIBRARY = "libc++";
				CLANG_ENABLE_MODULES = YES;
				CLANG_ENABLE_OBJC_ARC = YES;
				CLANG_WARN_BOOL_CONVERSION = YES;
				CLANG_WARN_CONSTANT_CONVERSION = YES;
				CLANG_WARN_DIRECT_OBJC_ISA_USAGE = YES_ERROR;
				CLANG_WARN_DOCUMENTATION_COMMENTS = YES;
				CLANG_WARN_EMPTY_BODY = YES;
				CLANG_WARN_ENUM_CONVERSION = YES;
				CLANG_WARN_INFINITE_RECURSION = YES;
				CLANG_WARN_INT_CONVERSION = YES;
				CLANG_WARN_OBJC_ROOT_CLASS = YES_ERROR;
				CLANG_WARN_SUSPICIOUS_MOVES = YES;
				CLANG_WARN_UNREACHABLE_CODE = YES;
				CLANG_WARN__DUPLICATE_METHOD_MATCH = YES;
				CODE_SIGN_IDENTITY = "-";
				COPY_PHASE_STRIP = NO;
				DEBUG_INFORMATION_FORMAT = dwarf;
				ENABLE_STRICT_OBJC_MSGSEND = YES;
				ENABLE_TESTABILITY = YES;
				GCC_C_LANGUAGE_STANDARD = gnu99;
				GCC_DYNAMIC_NO_PIC = NO;
				GCC_NO_COMMON_BLOCKS = YES;
				GCC_OPTIMIZATION_LEVEL = 0;
				GCC_PREPROCESSOR_DEFINITIONS = (
					"DEBUG=1",
					"$(inherited)",
				);
				GCC_WARN_64_TO_32_BIT_CONVERSION = YES;
				GCC_WARN_ABOUT_RETURN_TYPE = YES_ERROR;
				GCC_WARN_UNDECLARED_SELECTOR = YES;
				GCC_WARN_UNINITIALIZED_AUTOS = YES_AGGRESSIVE;
				GCC_WARN_UNUSED_FUNCTION = YES;
				GCC_WARN_UNUSED_VARIABLE = YES;
				MACOSX_DEPLOYMENT_TARGET = 10.12;
				MTL_ENABLE_DEBUG_INFO = YES;
				ONLY_ACTIVE_ARCH = YES;
				SDKROOT = macosx;
			};
			name = Debug;
		};
		F4DA07431DB0FB3800401883 /* Release */ = {
			isa = XCBuildConfiguration;
			buildSettings = {
				ALWAYS_SEARCH_USER_PATHS = NO;
				CLANG_ANALYZER_NONNULL = YES;
				CLANG_CXX_LANGUAGE_STANDARD = "gnu++0x";
				CLANG_CXX_LIBRARY = "libc++";
				CLANG_ENABLE_MODULES = YES;
				CLANG_ENABLE_OBJC_ARC = YES;
				CLANG_WARN_BOOL_CONVERSION = YES;
				CLANG_WARN_CONSTANT_CONVERSION = YES;
				CLANG_WARN_DIRECT_OBJC_ISA_USAGE = YES_ERROR;
				CLANG_WARN_DOCUMENTATION_COMMENTS = YES;
				CLANG_WARN_EMPTY_BODY = YES;
				CLANG_WARN_ENUM_CONVERSION = YES;
				CLANG_WARN_INFINITE_RECURSION = YES;
				CLANG_WARN_INT_CONVERSION = YES;
				CLANG_WARN_OBJC_ROOT_CLASS = YES_ERROR;
				CLANG_WARN_SUSPICIOUS_MOVES = YES;
				CLANG_WARN_UNREACHABLE_CODE = YES;
				CLANG_WARN__DUPLICATE_METHOD_MATCH = YES;
				CODE_SIGN_IDENTITY = "-";
				COPY_PHASE_STRIP = NO;
				DEBUG_INFORMATION_FORMAT = "dwarf-with-dsym";
				ENABLE_NS_ASSERTIONS = NO;
				ENABLE_STRICT_OBJC_MSGSEND = YES;
				GCC_C_LANGUAGE_STANDARD = gnu99;
				GCC_NO_COMMON_BLOCKS = YES;
				GCC_WARN_64_TO_32_BIT_CONVERSION = YES;
				GCC_WARN_ABOUT_RETURN_TYPE = YES_ERROR;
				GCC_WARN_UNDECLARED_SELECTOR = YES;
				GCC_WARN_UNINITIALIZED_AUTOS = YES_AGGRESSIVE;
				GCC_WARN_UNUSED_FUNCTION = YES;
				GCC_WARN_UNUSED_VARIABLE = YES;
				MACOSX_DEPLOYMENT_TARGET = 10.12;
				MTL_ENABLE_DEBUG_INFO = NO;
				SDKROOT = macosx;
			};
			name = Release;
		};
		F4DA07451DB0FB3800401883 /* Debug */ = {
			isa = XCBuildConfiguration;
			buildSettings = {
				CLANG_ENABLE_OBJC_ARC = YES;
				DEVELOPMENT_TEAM = 49JPNGN3JS;
				PRODUCT_NAME = "$(TARGET_NAME)";
			};
			name = Debug;
		};
		F4DA07461DB0FB3800401883 /* Release */ = {
			isa = XCBuildConfiguration;
			buildSettings = {
				CLANG_ENABLE_OBJC_ARC = YES;
				DEVELOPMENT_TEAM = 49JPNGN3JS;
				PRODUCT_NAME = "$(TARGET_NAME)";
			};
			name = Release;
		};
/* End XCBuildConfiguration section */

/* Begin XCConfigurationList section */
		F4DA07381DB0FB3800401883 /* Build configuration list for PBXProject "DemoOC" */ = {
			isa = XCConfigurationList;
			buildConfigurations = (
				F4DA07421DB0FB3800401883 /* Debug */,
				F4DA07431DB0FB3800401883 /* Release */,
			);
			defaultConfigurationIsVisible = 0;
			defaultConfigurationName = Release;
		};
		F4DA07441DB0FB3800401883 /* Build configuration list for PBXNativeTarget "DemoOC" */ = {
			isa = XCConfigurationList;
			buildConfigurations = (
				F4DA07451DB0FB3800401883 /* Debug */,
				F4DA07461DB0FB3800401883 /* Release */,
			);
			defaultConfigurationIsVisible = 0;
		};
/* End XCConfigurationList section */
	};
	rootObject = F4DA07351DB0FB3800401883 /* Project object */;
}
